// !$*UTF8*$!
{
	archiveVersion = 1;
	classes = {
	};
	objectVersion = 56;
	objects = {

/* Begin PBXBuildFile section */
		00E44E112A2772250037A322 /* AppDelegate.swift in Sources */ = {isa = PBXBuildFile; fileRef = 00E44E102A2772250037A322 /* AppDelegate.swift */; };
		00E44E132A2772250037A322 /* SceneDelegate.swift in Sources */ = {isa = PBXBuildFile; fileRef = 00E44E122A2772250037A322 /* SceneDelegate.swift */; };
		00E44E1A2A2772250037A322 /* Assets.xcassets in Resources */ = {isa = PBXBuildFile; fileRef = 00E44E192A2772250037A322 /* Assets.xcassets */; };
		00E44E1D2A2772250037A322 /* LaunchScreen.storyboard in Resources */ = {isa = PBXBuildFile; fileRef = 00E44E1B2A2772250037A322 /* LaunchScreen.storyboard */; };
		00E44E2C2A277EBB0037A322 /* NetworkManager.swift in Sources */ = {isa = PBXBuildFile; fileRef = 00E44E2B2A277EBB0037A322 /* NetworkManager.swift */; };
		00E44E2E2A277EE40037A322 /* MusicModel.swift in Sources */ = {isa = PBXBuildFile; fileRef = 00E44E2D2A277EE40037A322 /* MusicModel.swift */; };
		00E44E302A2783670037A322 /* SearchViewController.swift in Sources */ = {isa = PBXBuildFile; fileRef = 00E44E2F2A2783670037A322 /* SearchViewController.swift */; };
		00E44E322A27837F0037A322 /* SearchPresenter.swift in Sources */ = {isa = PBXBuildFile; fileRef = 00E44E312A27837F0037A322 /* SearchPresenter.swift */; };
		00E44E342A27839D0037A322 /* SearchInteractor.swift in Sources */ = {isa = PBXBuildFile; fileRef = 00E44E332A27839D0037A322 /* SearchInteractor.swift */; };
		00E44E362A2783AC0037A322 /* SearchRouter.swift in Sources */ = {isa = PBXBuildFile; fileRef = 00E44E352A2783AC0037A322 /* SearchRouter.swift */; };
		00E44E392A278B300037A322 /* MusicPlayerViewController.swift in Sources */ = {isa = PBXBuildFile; fileRef = 00E44E382A278B300037A322 /* MusicPlayerViewController.swift */; };
		00E44E3B2A2791060037A322 /* MusicPlayerPresenter.swift in Sources */ = {isa = PBXBuildFile; fileRef = 00E44E3A2A2791060037A322 /* MusicPlayerPresenter.swift */; };
		00E44E3D2A27911A0037A322 /* MusicPlayerInteractor.swift in Sources */ = {isa = PBXBuildFile; fileRef = 00E44E3C2A27911A0037A322 /* MusicPlayerInteractor.swift */; };
		00F15FF02A27CD0000E92D56 /* SearchCell.swift in Sources */ = {isa = PBXBuildFile; fileRef = 00F15FEF2A27CD0000E92D56 /* SearchCell.swift */; };
		00F15FF32A27D55200E92D56 /* UIImageView + Extension.swift in Sources */ = {isa = PBXBuildFile; fileRef = 00F15FF22A27D55200E92D56 /* UIImageView + Extension.swift */; };
/* End PBXBuildFile section */

/* Begin PBXFileReference section */
		00E44E0D2A2772250037A322 /* ITunesTestTaskVIPER.app */ = {isa = PBXFileReference; explicitFileType = wrapper.application; includeInIndex = 0; path = ITunesTestTaskVIPER.app; sourceTree = BUILT_PRODUCTS_DIR; };
		00E44E102A2772250037A322 /* AppDelegate.swift */ = {isa = PBXFileReference; lastKnownFileType = sourcecode.swift; path = AppDelegate.swift; sourceTree = "<group>"; };
		00E44E122A2772250037A322 /* SceneDelegate.swift */ = {isa = PBXFileReference; lastKnownFileType = sourcecode.swift; path = SceneDelegate.swift; sourceTree = "<group>"; };
		00E44E192A2772250037A322 /* Assets.xcassets */ = {isa = PBXFileReference; lastKnownFileType = folder.assetcatalog; path = Assets.xcassets; sourceTree = "<group>"; };
		00E44E1C2A2772250037A322 /* Base */ = {isa = PBXFileReference; lastKnownFileType = file.storyboard; name = Base; path = Base.lproj/LaunchScreen.storyboard; sourceTree = "<group>"; };
		00E44E1E2A2772250037A322 /* Info.plist */ = {isa = PBXFileReference; lastKnownFileType = text.plist.xml; path = Info.plist; sourceTree = "<group>"; };
		00E44E2B2A277EBB0037A322 /* NetworkManager.swift */ = {isa = PBXFileReference; lastKnownFileType = sourcecode.swift; path = NetworkManager.swift; sourceTree = "<group>"; };
		00E44E2D2A277EE40037A322 /* MusicModel.swift */ = {isa = PBXFileReference; lastKnownFileType = sourcecode.swift; path = MusicModel.swift; sourceTree = "<group>"; };
		00E44E2F2A2783670037A322 /* SearchViewController.swift */ = {isa = PBXFileReference; lastKnownFileType = sourcecode.swift; path = SearchViewController.swift; sourceTree = "<group>"; };
		00E44E312A27837F0037A322 /* SearchPresenter.swift */ = {isa = PBXFileReference; lastKnownFileType = sourcecode.swift; path = SearchPresenter.swift; sourceTree = "<group>"; };
		00E44E332A27839D0037A322 /* SearchInteractor.swift */ = {isa = PBXFileReference; lastKnownFileType = sourcecode.swift; path = SearchInteractor.swift; sourceTree = "<group>"; };
		00E44E352A2783AC0037A322 /* SearchRouter.swift */ = {isa = PBXFileReference; lastKnownFileType = sourcecode.swift; path = SearchRouter.swift; sourceTree = "<group>"; };
		00E44E382A278B300037A322 /* MusicPlayerViewController.swift */ = {isa = PBXFileReference; lastKnownFileType = sourcecode.swift; path = MusicPlayerViewController.swift; sourceTree = "<group>"; };
		00E44E3A2A2791060037A322 /* MusicPlayerPresenter.swift */ = {isa = PBXFileReference; lastKnownFileType = sourcecode.swift; path = MusicPlayerPresenter.swift; sourceTree = "<group>"; };
		00E44E3C2A27911A0037A322 /* MusicPlayerInteractor.swift */ = {isa = PBXFileReference; lastKnownFileType = sourcecode.swift; path = MusicPlayerInteractor.swift; sourceTree = "<group>"; };
		00F15FEF2A27CD0000E92D56 /* SearchCell.swift */ = {isa = PBXFileReference; lastKnownFileType = sourcecode.swift; path = SearchCell.swift; sourceTree = "<group>"; };
		00F15FF22A27D55200E92D56 /* UIImageView + Extension.swift */ = {isa = PBXFileReference; lastKnownFileType = sourcecode.swift; path = "UIImageView + Extension.swift"; sourceTree = "<group>"; };
/* End PBXFileReference section */

/* Begin PBXFrameworksBuildPhase section */
		00E44E0A2A2772250037A322 /* Frameworks */ = {
			isa = PBXFrameworksBuildPhase;
			buildActionMask = 2147483647;
			files = (
			);
			runOnlyForDeploymentPostprocessing = 0;
		};
/* End PBXFrameworksBuildPhase section */

/* Begin PBXGroup section */
		00E44E042A2772250037A322 = {
			isa = PBXGroup;
			children = (
				00E44E0F2A2772250037A322 /* ITunesTestTaskVIPER */,
				00E44E0E2A2772250037A322 /* Products */,
			);
			sourceTree = "<group>";
		};
		00E44E0E2A2772250037A322 /* Products */ = {
			isa = PBXGroup;
			children = (
				00E44E0D2A2772250037A322 /* ITunesTestTaskVIPER.app */,
			);
			name = Products;
			sourceTree = "<group>";
		};
		00E44E0F2A2772250037A322 /* ITunesTestTaskVIPER */ = {
			isa = PBXGroup;
			children = (
				00E44E262A277D190037A322 /* Modules */,
				00E44E292A277EA90037A322 /* Services */,
				00E44E282A277EA50037A322 /* Model */,
				00F15FF12A27D54700E92D56 /* Extension */,
				00E44E242A277CFE0037A322 /* App */,
				00E44E252A277D040037A322 /* Resources */,
				00E44E1B2A2772250037A322 /* LaunchScreen.storyboard */,
			);
			path = ITunesTestTaskVIPER;
			sourceTree = "<group>";
		};
		00E44E242A277CFE0037A322 /* App */ = {
			isa = PBXGroup;
			children = (
				00E44E102A2772250037A322 /* AppDelegate.swift */,
				00E44E122A2772250037A322 /* SceneDelegate.swift */,
				00E44E1E2A2772250037A322 /* Info.plist */,
			);
			path = App;
			sourceTree = "<group>";
		};
		00E44E252A277D040037A322 /* Resources */ = {
			isa = PBXGroup;
			children = (
				00E44E192A2772250037A322 /* Assets.xcassets */,
			);
			path = Resources;
			sourceTree = "<group>";
		};
		00E44E262A277D190037A322 /* Modules */ = {
			isa = PBXGroup;
			children = (
				00E44E272A277D1E0037A322 /* Search */,
				00E44E372A278B140037A322 /* Music */,
			);
			path = Modules;
			sourceTree = "<group>";
		};
		00E44E272A277D1E0037A322 /* Search */ = {
			isa = PBXGroup;
			children = (
				00E44E2F2A2783670037A322 /* SearchViewController.swift */,
				00E44E312A27837F0037A322 /* SearchPresenter.swift */,
				00E44E332A27839D0037A322 /* SearchInteractor.swift */,
				00E44E352A2783AC0037A322 /* SearchRouter.swift */,
				00F15FEE2A27CCF800E92D56 /* Cell */,
			);
			path = Search;
			sourceTree = "<group>";
		};
		00E44E282A277EA50037A322 /* Model */ = {
			isa = PBXGroup;
			children = (
				00E44E2D2A277EE40037A322 /* MusicModel.swift */,
			);
			path = Model;
			sourceTree = "<group>";
		};
		00E44E292A277EA90037A322 /* Services */ = {
			isa = PBXGroup;
			children = (
				00E44E2A2A277EB20037A322 /* NetworkManager */,
			);
			path = Services;
			sourceTree = "<group>";
		};
		00E44E2A2A277EB20037A322 /* NetworkManager */ = {
			isa = PBXGroup;
			children = (
				00E44E2B2A277EBB0037A322 /* NetworkManager.swift */,
			);
			path = NetworkManager;
			sourceTree = "<group>";
		};
		00E44E372A278B140037A322 /* Music */ = {
			isa = PBXGroup;
			children = (
				00E44E382A278B300037A322 /* MusicPlayerViewController.swift */,
				00E44E3A2A2791060037A322 /* MusicPlayerPresenter.swift */,
				00E44E3C2A27911A0037A322 /* MusicPlayerInteractor.swift */,
			);
			path = Music;
			sourceTree = "<group>";
		};
		00F15FEE2A27CCF800E92D56 /* Cell */ = {
			isa = PBXGroup;
			children = (
				00F15FEF2A27CD0000E92D56 /* SearchCell.swift */,
			);
			path = Cell;
			sourceTree = "<group>";
		};
		00F15FF12A27D54700E92D56 /* Extension */ = {
			isa = PBXGroup;
			children = (
				00F15FF22A27D55200E92D56 /* UIImageView + Extension.swift */,
			);
			path = Extension;
			sourceTree = "<group>";
		};
/* End PBXGroup section */

/* Begin PBXNativeTarget section */
		00E44E0C2A2772250037A322 /* ITunesTestTaskVIPER */ = {
			isa = PBXNativeTarget;
			buildConfigurationList = 00E44E212A2772250037A322 /* Build configuration list for PBXNativeTarget "ITunesTestTaskVIPER" */;
			buildPhases = (
				00E44E092A2772250037A322 /* Sources */,
				00E44E0A2A2772250037A322 /* Frameworks */,
				00E44E0B2A2772250037A322 /* Resources */,
			);
			buildRules = (
			);
			dependencies = (
			);
			name = ITunesTestTaskVIPER;
			productName = ITunesTestTaskVIPER;
			productReference = 00E44E0D2A2772250037A322 /* ITunesTestTaskVIPER.app */;
			productType = "com.apple.product-type.application";
		};
/* End PBXNativeTarget section */

/* Begin PBXProject section */
		00E44E052A2772250037A322 /* Project object */ = {
			isa = PBXProject;
			attributes = {
				BuildIndependentTargetsInParallel = 1;
				LastSwiftUpdateCheck = 1420;
				LastUpgradeCheck = 1420;
				TargetAttributes = {
					00E44E0C2A2772250037A322 = {
						CreatedOnToolsVersion = 14.2;
					};
				};
			};
			buildConfigurationList = 00E44E082A2772250037A322 /* Build configuration list for PBXProject "ITunesTestTaskVIPER" */;
			compatibilityVersion = "Xcode 14.0";
			developmentRegion = en;
			hasScannedForEncodings = 0;
			knownRegions = (
				en,
				Base,
			);
			mainGroup = 00E44E042A2772250037A322;
			productRefGroup = 00E44E0E2A2772250037A322 /* Products */;
			projectDirPath = "";
			projectRoot = "";
			targets = (
				00E44E0C2A2772250037A322 /* ITunesTestTaskVIPER */,
			);
		};
/* End PBXProject section */

/* Begin PBXResourcesBuildPhase section */
		00E44E0B2A2772250037A322 /* Resources */ = {
			isa = PBXResourcesBuildPhase;
			buildActionMask = 2147483647;
			files = (
				00E44E1D2A2772250037A322 /* LaunchScreen.storyboard in Resources */,
				00E44E1A2A2772250037A322 /* Assets.xcassets in Resources */,
			);
			runOnlyForDeploymentPostprocessing = 0;
		};
/* End PBXResourcesBuildPhase section */

/* Begin PBXSourcesBuildPhase section */
		00E44E092A2772250037A322 /* Sources */ = {
			isa = PBXSourcesBuildPhase;
			buildActionMask = 2147483647;
			files = (
				00E44E302A2783670037A322 /* SearchViewController.swift in Sources */,
				00F15FF02A27CD0000E92D56 /* SearchCell.swift in Sources */,
				00E44E2C2A277EBB0037A322 /* NetworkManager.swift in Sources */,
				00E44E322A27837F0037A322 /* SearchPresenter.swift in Sources */,
				00E44E3B2A2791060037A322 /* MusicPlayerPresenter.swift in Sources */,
				00E44E112A2772250037A322 /* AppDelegate.swift in Sources */,
				00E44E362A2783AC0037A322 /* SearchRouter.swift in Sources */,
				00E44E2E2A277EE40037A322 /* MusicModel.swift in Sources */,
				00F15FF32A27D55200E92D56 /* UIImageView + Extension.swift in Sources */,
				00E44E132A2772250037A322 /* SceneDelegate.swift in Sources */,
				00E44E392A278B300037A322 /* MusicPlayerViewController.swift in Sources */,
				00E44E342A27839D0037A322 /* SearchInteractor.swift in Sources */,
				00E44E3D2A27911A0037A322 /* MusicPlayerInteractor.swift in Sources */,
			);
			runOnlyForDeploymentPostprocessing = 0;
		};
/* End PBXSourcesBuildPhase section */

/* Begin PBXVariantGroup section */
		00E44E1B2A2772250037A322 /* LaunchScreen.storyboard */ = {
			isa = PBXVariantGroup;
			children = (
				00E44E1C2A2772250037A322 /* Base */,
			);
			name = LaunchScreen.storyboard;
			sourceTree = "<group>";
		};
/* End PBXVariantGroup section */

/* Begin XCBuildConfiguration section */
		00E44E1F2A2772250037A322 /* Debug */ = {
			isa = XCBuildConfiguration;
			buildSettings = {
				ALWAYS_SEARCH_USER_PATHS = NO;
				CLANG_ANALYZER_NONNULL = YES;
				CLANG_ANALYZER_NUMBER_OBJECT_CONVERSION = YES_AGGRESSIVE;
				CLANG_CXX_LANGUAGE_STANDARD = "gnu++20";
				CLANG_ENABLE_MODULES = YES;
				CLANG_ENABLE_OBJC_ARC = YES;
				CLANG_ENABLE_OBJC_WEAK = YES;
				CLANG_WARN_BLOCK_CAPTURE_AUTORELEASING = YES;
				CLANG_WARN_BOOL_CONVERSION = YES;
				CLANG_WARN_COMMA = YES;
				CLANG_WARN_CONSTANT_CONVERSION = YES;
				CLANG_WARN_DEPRECATED_OBJC_IMPLEMENTATIONS = YES;
				CLANG_WARN_DIRECT_OBJC_ISA_USAGE = YES_ERROR;
				CLANG_WARN_DOCUMENTATION_COMMENTS = YES;
				CLANG_WARN_EMPTY_BODY = YES;
				CLANG_WARN_ENUM_CONVERSION = YES;
				CLANG_WARN_INFINITE_RECURSION = YES;
				CLANG_WARN_INT_CONVERSION = YES;
				CLANG_WARN_NON_LITERAL_NULL_CONVERSION = YES;
				CLANG_WARN_OBJC_IMPLICIT_RETAIN_SELF = YES;
				CLANG_WARN_OBJC_LITERAL_CONVERSION = YES;
				CLANG_WARN_OBJC_ROOT_CLASS = YES_ERROR;
				CLANG_WARN_QUOTED_INCLUDE_IN_FRAMEWORK_HEADER = YES;
				CLANG_WARN_RANGE_LOOP_ANALYSIS = YES;
				CLANG_WARN_STRICT_PROTOTYPES = YES;
				CLANG_WARN_SUSPICIOUS_MOVE = YES;
				CLANG_WARN_UNGUARDED_AVAILABILITY = YES_AGGRESSIVE;
				CLANG_WARN_UNREACHABLE_CODE = YES;
				CLANG_WARN__DUPLICATE_METHOD_MATCH = YES;
				COPY_PHASE_STRIP = NO;
				DEBUG_INFORMATION_FORMAT = dwarf;
				ENABLE_STRICT_OBJC_MSGSEND = YES;
				ENABLE_TESTABILITY = YES;
				GCC_C_LANGUAGE_STANDARD = gnu11;
				GCC_DYNAMIC_NO_PIC = NO;
				GCC_NO_COMMON_BLOCKS = YES;
				GCC_OPTIMIZATION_LEVEL = 0;
				GCC_PREPROCESSOR_DEFINITIONS = (
					"DEBUG=1",
					"$(inherited)",
				);
				GCC_WARN_64_TO_32_BIT_CONVERSION = YES;
				GCC_WARN_ABOUT_RETURN_TYPE = YES_ERROR;
				GCC_WARN_UNDECLARED_SELECTOR = YES;
				GCC_WARN_UNINITIALIZED_AUTOS = YES_AGGRESSIVE;
				GCC_WARN_UNUSED_FUNCTION = YES;
				GCC_WARN_UNUSED_VARIABLE = YES;
				IPHONEOS_DEPLOYMENT_TARGET = 16.2;
				MTL_ENABLE_DEBUG_INFO = INCLUDE_SOURCE;
				MTL_FAST_MATH = YES;
				ONLY_ACTIVE_ARCH = YES;
				SDKROOT = iphoneos;
				SWIFT_ACTIVE_COMPILATION_CONDITIONS = DEBUG;
				SWIFT_OPTIMIZATION_LEVEL = "-Onone";
			};
			name = Debug;
		};
		00E44E202A2772250037A322 /* Release */ = {
			isa = XCBuildConfiguration;
			buildSettings = {
				ALWAYS_SEARCH_USER_PATHS = NO;
				CLANG_ANALYZER_NONNULL = YES;
				CLANG_ANALYZER_NUMBER_OBJECT_CONVERSION = YES_AGGRESSIVE;
				CLANG_CXX_LANGUAGE_STANDARD = "gnu++20";
				CLANG_ENABLE_MODULES = YES;
				CLANG_ENABLE_OBJC_ARC = YES;
				CLANG_ENABLE_OBJC_WEAK = YES;
				CLANG_WARN_BLOCK_CAPTURE_AUTORELEASING = YES;
				CLANG_WARN_BOOL_CONVERSION = YES;
				CLANG_WARN_COMMA = YES;
				CLANG_WARN_CONSTANT_CONVERSION = YES;
				CLANG_WARN_DEPRECATED_OBJC_IMPLEMENTATIONS = YES;
				CLANG_WARN_DIRECT_OBJC_ISA_USAGE = YES_ERROR;
				CLANG_WARN_DOCUMENTATION_COMMENTS = YES;
				CLANG_WARN_EMPTY_BODY = YES;
				CLANG_WARN_ENUM_CONVERSION = YES;
				CLANG_WARN_INFINITE_RECURSION = YES;
				CLANG_WARN_INT_CONVERSION = YES;
				CLANG_WARN_NON_LITERAL_NULL_CONVERSION = YES;
				CLANG_WARN_OBJC_IMPLICIT_RETAIN_SELF = YES;
				CLANG_WARN_OBJC_LITERAL_CONVERSION = YES;
				CLANG_WARN_OBJC_ROOT_CLASS = YES_ERROR;
				CLANG_WARN_QUOTED_INCLUDE_IN_FRAMEWORK_HEADER = YES;
				CLANG_WARN_RANGE_LOOP_ANALYSIS = YES;
				CLANG_WARN_STRICT_PROTOTYPES = YES;
				CLANG_WARN_SUSPICIOUS_MOVE = YES;
				CLANG_WARN_UNGUARDED_AVAILABILITY = YES_AGGRESSIVE;
				CLANG_WARN_UNREACHABLE_CODE = YES;
				CLANG_WARN__DUPLICATE_METHOD_MATCH = YES;
				COPY_PHASE_STRIP = NO;
				DEBUG_INFORMATION_FORMAT = "dwarf-with-dsym";
				ENABLE_NS_ASSERTIONS = NO;
				ENABLE_STRICT_OBJC_MSGSEND = YES;
				GCC_C_LANGUAGE_STANDARD = gnu11;
				GCC_NO_COMMON_BLOCKS = YES;
				GCC_WARN_64_TO_32_BIT_CONVERSION = YES;
				GCC_WARN_ABOUT_RETURN_TYPE = YES_ERROR;
				GCC_WARN_UNDECLARED_SELECTOR = YES;
				GCC_WARN_UNINITIALIZED_AUTOS = YES_AGGRESSIVE;
				GCC_WARN_UNUSED_FUNCTION = YES;
				GCC_WARN_UNUSED_VARIABLE = YES;
				IPHONEOS_DEPLOYMENT_TARGET = 16.2;
				MTL_ENABLE_DEBUG_INFO = NO;
				MTL_FAST_MATH = YES;
				SDKROOT = iphoneos;
				SWIFT_COMPILATION_MODE = wholemodule;
				SWIFT_OPTIMIZATION_LEVEL = "-O";
				VALIDATE_PRODUCT = YES;
			};
			name = Release;
		};
		00E44E222A2772250037A322 /* Debug */ = {
			isa = XCBuildConfiguration;
			buildSettings = {
				ASSETCATALOG_COMPILER_APPICON_NAME = AppIcon;
				ASSETCATALOG_COMPILER_GLOBAL_ACCENT_COLOR_NAME = AccentColor;
				CODE_SIGN_STYLE = Automatic;
				CURRENT_PROJECT_VERSION = 1;
				DEVELOPMENT_TEAM = W9FSXFWG34;
				GENERATE_INFOPLIST_FILE = YES;
				INFOPLIST_FILE = ITunesTestTaskVIPER/App/Info.plist;
				INFOPLIST_KEY_UIApplicationSupportsIndirectInputEvents = YES;
				INFOPLIST_KEY_UILaunchStoryboardName = LaunchScreen;
				INFOPLIST_KEY_UISupportedInterfaceOrientations_iPad = "UIInterfaceOrientationPortrait UIInterfaceOrientationPortraitUpsideDown UIInterfaceOrientationLandscapeLeft UIInterfaceOrientationLandscapeRight";
				INFOPLIST_KEY_UISupportedInterfaceOrientations_iPhone = "UIInterfaceOrientationPortrait UIInterfaceOrientationLandscapeLeft UIInterfaceOrientationLandscapeRight";
				LD_RUNPATH_SEARCH_PATHS = (
					"$(inherited)",
					"@executable_path/Frameworks",
				);
				MARKETING_VERSION = 1.0;
				PRODUCT_BUNDLE_IDENTIFIER = com.artemorlov.ITunesTestTaskVIPER;
				PRODUCT_NAME = "$(TARGET_NAME)";
				SWIFT_EMIT_LOC_STRINGS = YES;
				SWIFT_VERSION = 5.0;
				TARGETED_DEVICE_FAMILY = "1,2";
			};
			name = Debug;
		};
		00E44E232A2772250037A322 /* Release */ = {
			isa = XCBuildConfiguration;
			buildSettings = {
				ASSETCATALOG_COMPILER_APPICON_NAME = AppIcon;
				ASSETCATALOG_COMPILER_GLOBAL_ACCENT_COLOR_NAME = AccentColor;
				CODE_SIGN_STYLE = Automatic;
				CURRENT_PROJECT_VERSION = 1;
				DEVELOPMENT_TEAM = W9FSXFWG34;
				GENERATE_INFOPLIST_FILE = YES;
				INFOPLIST_FILE = ITunesTestTaskVIPER/App/Info.plist;
				INFOPLIST_KEY_UIApplicationSupportsIndirectInputEvents = YES;
				INFOPLIST_KEY_UILaunchStoryboardName = LaunchScreen;
				INFOPLIST_KEY_UISupportedInterfaceOrientations_iPad = "UIInterfaceOrientationPortrait UIInterfaceOrientationPortraitUpsideDown UIInterfaceOrientationLandscapeLeft UIInterfaceOrientationLandscapeRight";
				INFOPLIST_KEY_UISupportedInterfaceOrientations_iPhone = "UIInterfaceOrientationPortrait UIInterfaceOrientationLandscapeLeft UIInterfaceOrientationLandscapeRight";
				LD_RUNPATH_SEARCH_PATHS = (
					"$(inherited)",
					"@executable_path/Frameworks",
				);
				MARKETING_VERSION = 1.0;
				PRODUCT_BUNDLE_IDENTIFIER = com.artemorlov.ITunesTestTaskVIPER;
				PRODUCT_NAME = "$(TARGET_NAME)";
				SWIFT_EMIT_LOC_STRINGS = YES;
				SWIFT_VERSION = 5.0;
				TARGETED_DEVICE_FAMILY = "1,2";
			};
			name = Release;
		};
/* End XCBuildConfiguration section */

/* Begin XCConfigurationList section */
		00E44E082A2772250037A322 /* Build configuration list for PBXProject "ITunesTestTaskVIPER" */ = {
			isa = XCConfigurationList;
			buildConfigurations = (
				00E44E1F2A2772250037A322 /* Debug */,
				00E44E202A2772250037A322 /* Release */,
			);
			defaultConfigurationIsVisible = 0;
			defaultConfigurationName = Release;
		};
		00E44E212A2772250037A322 /* Build configuration list for PBXNativeTarget "ITunesTestTaskVIPER" */ = {
			isa = XCConfigurationList;
			buildConfigurations = (
				00E44E222A2772250037A322 /* Debug */,
				00E44E232A2772250037A322 /* Release */,
			);
			defaultConfigurationIsVisible = 0;
			defaultConfigurationName = Release;
		};
/* End XCConfigurationList section */
	};
	rootObject = 00E44E052A2772250037A322 /* Project object */;
}
